// !$*UTF8*$!
{
	archiveVersion = 1;
	classes = {
	};
	objectVersion = 50;
	objects = {

/* Begin PBXBuildFile section */
		18BDCE46214F574100F034F9 /* AppDelegate.swift in Sources */ = {isa = PBXBuildFile; fileRef = 18BDCE45214F574100F034F9 /* AppDelegate.swift */; };
		18BDCE48214F574100F034F9 /* ViewController.swift in Sources */ = {isa = PBXBuildFile; fileRef = 18BDCE47214F574100F034F9 /* ViewController.swift */; };
		18BDCE4B214F574100F034F9 /* Main.storyboard in Resources */ = {isa = PBXBuildFile; fileRef = 18BDCE49214F574100F034F9 /* Main.storyboard */; };
		18BDCE4D214F574300F034F9 /* Assets.xcassets in Resources */ = {isa = PBXBuildFile; fileRef = 18BDCE4C214F574300F034F9 /* Assets.xcassets */; };
		18BDCE50214F574300F034F9 /* LaunchScreen.storyboard in Resources */ = {isa = PBXBuildFile; fileRef = 18BDCE4E214F574300F034F9 /* LaunchScreen.storyboard */; };
		18BDCE59214F581B00F034F9 /* TATableViewWithDynamicHeaderViewController.swift in Sources */ = {isa = PBXBuildFile; fileRef = 18BDCE58214F581B00F034F9 /* TATableViewWithDynamicHeaderViewController.swift */; };
/* End PBXBuildFile section */

/* Begin PBXFileReference section */
		18BDCE42214F574100F034F9 /* TADynamicHeaderTableView.app */ = {isa = PBXFileReference; explicitFileType = wrapper.application; includeInIndex = 0; path = TADynamicHeaderTableView.app; sourceTree = BUILT_PRODUCTS_DIR; };
		18BDCE45214F574100F034F9 /* AppDelegate.swift */ = {isa = PBXFileReference; lastKnownFileType = sourcecode.swift; path = AppDelegate.swift; sourceTree = "<group>"; };
		18BDCE47214F574100F034F9 /* ViewController.swift */ = {isa = PBXFileReference; lastKnownFileType = sourcecode.swift; path = ViewController.swift; sourceTree = "<group>"; };
		18BDCE4A214F574100F034F9 /* Base */ = {isa = PBXFileReference; lastKnownFileType = file.storyboard; name = Base; path = Base.lproj/Main.storyboard; sourceTree = "<group>"; };
		18BDCE4C214F574300F034F9 /* Assets.xcassets */ = {isa = PBXFileReference; lastKnownFileType = folder.assetcatalog; path = Assets.xcassets; sourceTree = "<group>"; };
		18BDCE4F214F574300F034F9 /* Base */ = {isa = PBXFileReference; lastKnownFileType = file.storyboard; name = Base; path = Base.lproj/LaunchScreen.storyboard; sourceTree = "<group>"; };
		18BDCE51214F574300F034F9 /* Info.plist */ = {isa = PBXFileReference; lastKnownFileType = text.plist.xml; path = Info.plist; sourceTree = "<group>"; };
		18BDCE58214F581B00F034F9 /* TATableViewWithDynamicHeaderViewController.swift */ = {isa = PBXFileReference; lastKnownFileType = sourcecode.swift; path = TATableViewWithDynamicHeaderViewController.swift; sourceTree = "<group>"; };
/* End PBXFileReference section */

/* Begin PBXFrameworksBuildPhase section */
		18BDCE3F214F574100F034F9 /* Frameworks */ = {
			isa = PBXFrameworksBuildPhase;
			buildActionMask = 2147483647;
			files = (
			);
			runOnlyForDeploymentPostprocessing = 0;
		};
/* End PBXFrameworksBuildPhase section */

/* Begin PBXGroup section */
		18BDCE39214F574100F034F9 = {
			isa = PBXGroup;
			children = (
				18BDCE44214F574100F034F9 /* TADynamicHeaderTableView */,
				18BDCE43214F574100F034F9 /* Products */,
			);
			sourceTree = "<group>";
		};
		18BDCE43214F574100F034F9 /* Products */ = {
			isa = PBXGroup;
			children = (
				18BDCE42214F574100F034F9 /* TADynamicHeaderTableView.app */,
			);
			name = Products;
			sourceTree = "<group>";
		};
		18BDCE44214F574100F034F9 /* TADynamicHeaderTableView */ = {
			isa = PBXGroup;
			children = (
				18BDCE45214F574100F034F9 /* AppDelegate.swift */,
				18BDCE47214F574100F034F9 /* ViewController.swift */,
				18BDCE49214F574100F034F9 /* Main.storyboard */,
				18BDCE4C214F574300F034F9 /* Assets.xcassets */,
				18BDCE4E214F574300F034F9 /* LaunchScreen.storyboard */,
				18BDCE51214F574300F034F9 /* Info.plist */,
				18BDCE58214F581B00F034F9 /* TATableViewWithDynamicHeaderViewController.swift */,
			);
			path = TADynamicHeaderTableView;
			sourceTree = "<group>";
		};
/* End PBXGroup section */

/* Begin PBXNativeTarget section */
		18BDCE41214F574100F034F9 /* TADynamicHeaderTableView */ = {
			isa = PBXNativeTarget;
			buildConfigurationList = 18BDCE54214F574300F034F9 /* Build configuration list for PBXNativeTarget "TADynamicHeaderTableView" */;
			buildPhases = (
				18BDCE3E214F574100F034F9 /* Sources */,
				18BDCE3F214F574100F034F9 /* Frameworks */,
				18BDCE40214F574100F034F9 /* Resources */,
			);
			buildRules = (
			);
			dependencies = (
			);
			name = TADynamicHeaderTableView;
			productName = TADynamicHeaderTableView;
			productReference = 18BDCE42214F574100F034F9 /* TADynamicHeaderTableView.app */;
			productType = "com.apple.product-type.application";
		};
/* End PBXNativeTarget section */

/* Begin PBXProject section */
		18BDCE3A214F574100F034F9 /* Project object */ = {
			isa = PBXProject;
			attributes = {
				LastSwiftUpdateCheck = 0940;
				LastUpgradeCheck = 0940;
				ORGANIZATIONNAME = FPT;
				TargetAttributes = {
					18BDCE41214F574100F034F9 = {
						CreatedOnToolsVersion = 9.4.1;
					};
				};
			};
			buildConfigurationList = 18BDCE3D214F574100F034F9 /* Build configuration list for PBXProject "TADynamicHeaderTableView" */;
			compatibilityVersion = "Xcode 9.3";
			developmentRegion = en;
			hasScannedForEncodings = 0;
			knownRegions = (
				en,
				Base,
			);
			mainGroup = 18BDCE39214F574100F034F9;
			productRefGroup = 18BDCE43214F574100F034F9 /* Products */;
			projectDirPath = "";
			projectRoot = "";
			targets = (
				18BDCE41214F574100F034F9 /* TADynamicHeaderTableView */,
			);
		};
/* End PBXProject section */

/* Begin PBXResourcesBuildPhase section */
		18BDCE40214F574100F034F9 /* Resources */ = {
			isa = PBXResourcesBuildPhase;
			buildActionMask = 2147483647;
			files = (
				18BDCE50214F574300F034F9 /* LaunchScreen.storyboard in Resources */,
				18BDCE4D214F574300F034F9 /* Assets.xcassets in Resources */,
				18BDCE4B214F574100F034F9 /* Main.storyboard in Resources */,
			);
			runOnlyForDeploymentPostprocessing = 0;
		};
/* End PBXResourcesBuildPhase section */

/* Begin PBXSourcesBuildPhase section */
		18BDCE3E214F574100F034F9 /* Sources */ = {
			isa = PBXSourcesBuildPhase;
			buildActionMask = 2147483647;
			files = (
				18BDCE48214F574100F034F9 /* ViewController.swift in Sources */,
				18BDCE46214F574100F034F9 /* AppDelegate.swift in Sources */,
				18BDCE59214F581B00F034F9 /* TATableViewWithDynamicHeaderViewController.swift in Sources */,
			);
			runOnlyForDeploymentPostprocessing = 0;
		};
/* End PBXSourcesBuildPhase section */

/* Begin PBXVariantGroup section */
		18BDCE49214F574100F034F9 /* Main.storyboard */ = {
			isa = PBXVariantGroup;
			children = (
				18BDCE4A214F574100F034F9 /* Base */,
			);
			name = Main.storyboard;
			sourceTree = "<group>";
		};
		18BDCE4E214F574300F034F9 /* LaunchScreen.storyboard */ = {
			isa = PBXVariantGroup;
			children = (
				18BDCE4F214F574300F034F9 /* Base */,
			);
			name = LaunchScreen.storyboard;
			sourceTree = "<group>";
		};
/* End PBXVariantGroup section */

/* Begin XCBuildConfiguration section */
		18BDCE52214F574300F034F9 /* Debug */ = {
			isa = XCBuildConfiguration;
			buildSettings = {
				ALWAYS_SEARCH_USER_PATHS = NO;
				CLANG_ANALYZER_NONNULL = YES;
				CLANG_ANALYZER_NUMBER_OBJECT_CONVERSION = YES_AGGRESSIVE;
				CLANG_CXX_LANGUAGE_STANDARD = "gnu++14";
				CLANG_CXX_LIBRARY = "libc++";
				CLANG_ENABLE_MODULES = YES;
				CLANG_ENABLE_OBJC_ARC = YES;
				CLANG_ENABLE_OBJC_WEAK = YES;
				CLANG_WARN_BLOCK_CAPTURE_AUTORELEASING = YES;
				CLANG_WARN_BOOL_CONVERSION = YES;
				CLANG_WARN_COMMA = YES;
				CLANG_WARN_CONSTANT_CONVERSION = YES;
				CLANG_WARN_DEPRECATED_OBJC_IMPLEMENTATIONS = YES;
				CLANG_WARN_DIRECT_OBJC_ISA_USAGE = YES_ERROR;
				CLANG_WARN_DOCUMENTATION_COMMENTS = YES;
				CLANG_WARN_EMPTY_BODY = YES;
				CLANG_WARN_ENUM_CONVERSION = YES;
				CLANG_WARN_INFINITE_RECURSION = YES;
				CLANG_WARN_INT_CONVERSION = YES;
				CLANG_WARN_NON_LITERAL_NULL_CONVERSION = YES;
				CLANG_WARN_OBJC_IMPLICIT_RETAIN_SELF = YES;
				CLANG_WARN_OBJC_LITERAL_CONVERSION = YES;
				CLANG_WARN_OBJC_ROOT_CLASS = YES_ERROR;
				CLANG_WARN_RANGE_LOOP_ANALYSIS = YES;
				CLANG_WARN_STRICT_PROTOTYPES = YES;
				CLANG_WARN_SUSPICIOUS_MOVE = YES;
				CLANG_WARN_UNGUARDED_AVAILABILITY = YES_AGGRESSIVE;
				CLANG_WARN_UNREACHABLE_CODE = YES;
				CLANG_WARN__DUPLICATE_METHOD_MATCH = YES;
				CODE_SIGN_IDENTITY = "iPhone Developer";
				COPY_PHASE_STRIP = NO;
				DEBUG_INFORMATION_FORMAT = dwarf;
				ENABLE_STRICT_OBJC_MSGSEND = YES;
				ENABLE_TESTABILITY = YES;
				GCC_C_LANGUAGE_STANDARD = gnu11;
				GCC_DYNAMIC_NO_PIC = NO;
				GCC_NO_COMMON_BLOCKS = YES;
				GCC_OPTIMIZATION_LEVEL = 0;
				GCC_PREPROCESSOR_DEFINITIONS = (
					"DEBUG=1",
					"$(inherited)",
				);
				GCC_WARN_64_TO_32_BIT_CONVERSION = YES;
				GCC_WARN_ABOUT_RETURN_TYPE = YES_ERROR;
				GCC_WARN_UNDECLARED_SELECTOR = YES;
				GCC_WARN_UNINITIALIZED_AUTOS = YES_AGGRESSIVE;
				GCC_WARN_UNUSED_FUNCTION = YES;
				GCC_WARN_UNUSED_VARIABLE = YES;
				IPHONEOS_DEPLOYMENT_TARGET = 11.4;
				MTL_ENABLE_DEBUG_INFO = YES;
				ONLY_ACTIVE_ARCH = YES;
				SDKROOT = iphoneos;
				SWIFT_ACTIVE_COMPILATION_CONDITIONS = DEBUG;
				SWIFT_OPTIMIZATION_LEVEL = "-Onone";
			};
			name = Debug;
		};
		18BDCE53214F574300F034F9 /* Release */ = {
			isa = XCBuildConfiguration;
			buildSettings = {
				ALWAYS_SEARCH_USER_PATHS = NO;
				CLANG_ANALYZER_NONNULL = YES;
				CLANG_ANALYZER_NUMBER_OBJECT_CONVERSION = YES_AGGRESSIVE;
				CLANG_CXX_LANGUAGE_STANDARD = "gnu++14";
				CLANG_CXX_LIBRARY = "libc++";
				CLANG_ENABLE_MODULES = YES;
				CLANG_ENABLE_OBJC_ARC = YES;
				CLANG_ENABLE_OBJC_WEAK = YES;
				CLANG_WARN_BLOCK_CAPTURE_AUTORELEASING = YES;
				CLANG_WARN_BOOL_CONVERSION = YES;
				CLANG_WARN_COMMA = YES;
				CLANG_WARN_CONSTANT_CONVERSION = YES;
				CLANG_WARN_DEPRECATED_OBJC_IMPLEMENTATIONS = YES;
				CLANG_WARN_DIRECT_OBJC_ISA_USAGE = YES_ERROR;
				CLANG_WARN_DOCUMENTATION_COMMENTS = YES;
				CLANG_WARN_EMPTY_BODY = YES;
				CLANG_WARN_ENUM_CONVERSION = YES;
				CLANG_WARN_INFINITE_RECURSION = YES;
				CLANG_WARN_INT_CONVERSION = YES;
				CLANG_WARN_NON_LITERAL_NULL_CONVERSION = YES;
				CLANG_WARN_OBJC_IMPLICIT_RETAIN_SELF = YES;
				CLANG_WARN_OBJC_LITERAL_CONVERSION = YES;
				CLANG_WARN_OBJC_ROOT_CLASS = YES_ERROR;
				CLANG_WARN_RANGE_LOOP_ANALYSIS = YES;
				CLANG_WARN_STRICT_PROTOTYPES = YES;
				CLANG_WARN_SUSPICIOUS_MOVE = YES;
				CLANG_WARN_UNGUARDED_AVAILABILITY = YES_AGGRESSIVE;
				CLANG_WARN_UNREACHABLE_CODE = YES;
				CLANG_WARN__DUPLICATE_METHOD_MATCH = YES;
				CODE_SIGN_IDENTITY = "iPhone Developer";
				COPY_PHASE_STRIP = NO;
				DEBUG_INFORMATION_FORMAT = "dwarf-with-dsym";
				ENABLE_NS_ASSERTIONS = NO;
				ENABLE_STRICT_OBJC_MSGSEND = YES;
				GCC_C_LANGUAGE_STANDARD = gnu11;
				GCC_NO_COMMON_BLOCKS = YES;
				GCC_WARN_64_TO_32_BIT_CONVERSION = YES;
				GCC_WARN_ABOUT_RETURN_TYPE = YES_ERROR;
				GCC_WARN_UNDECLARED_SELECTOR = YES;
				GCC_WARN_UNINITIALIZED_AUTOS = YES_AGGRESSIVE;
				GCC_WARN_UNUSED_FUNCTION = YES;
				GCC_WARN_UNUSED_VARIABLE = YES;
				IPHONEOS_DEPLOYMENT_TARGET = 11.4;
				MTL_ENABLE_DEBUG_INFO = NO;
				SDKROOT = iphoneos;
				SWIFT_COMPILATION_MODE = wholemodule;
				SWIFT_OPTIMIZATION_LEVEL = "-O";
				VALIDATE_PRODUCT = YES;
			};
			name = Release;
		};
		18BDCE55214F574300F034F9 /* Debug */ = {
			isa = XCBuildConfiguration;
			buildSettings = {
				ASSETCATALOG_COMPILER_APPICON_NAME = AppIcon;
				CODE_SIGN_STYLE = Automatic;
				DEVELOPMENT_TEAM = EF75AEB9W9;
				INFOPLIST_FILE = TADynamicHeaderTableView/Info.plist;
				LD_RUNPATH_SEARCH_PATHS = (
					"$(inherited)",
					"@executable_path/Frameworks",
				);
				PRODUCT_BUNDLE_IDENTIFIER = FPT.TADynamicHeaderTableView;
				PRODUCT_NAME = "$(TARGET_NAME)";
				SWIFT_VERSION = 4.0;
				TARGETED_DEVICE_FAMILY = "1,2";
			};
			name = Debug;
		};
		18BDCE56214F574300F034F9 /* Release */ = {
			isa = XCBuildConfiguration;
			buildSettings = {
				ASSETCATALOG_COMPILER_APPICON_NAME = AppIcon;
				CODE_SIGN_STYLE = Automatic;
				DEVELOPMENT_TEAM = EF75AEB9W9;
				INFOPLIST_FILE = TADynamicHeaderTableView/Info.plist;
				LD_RUNPATH_SEARCH_PATHS = (
					"$(inherited)",
					"@executable_path/Frameworks",
				);
				PRODUCT_BUNDLE_IDENTIFIER = FPT.TADynamicHeaderTableView;
				PRODUCT_NAME = "$(TARGET_NAME)";
				SWIFT_VERSION = 4.0;
				TARGETED_DEVICE_FAMILY = "1,2";
			};
			name = Release;
		};
/* End XCBuildConfiguration section */

/* Begin XCConfigurationList section */
		18BDCE3D214F574100F034F9 /* Build configuration list for PBXProject "TADynamicHeaderTableView" */ = {
			isa = XCConfigurationList;
			buildConfigurations = (
				18BDCE52214F574300F034F9 /* Debug */,
				18BDCE53214F574300F034F9 /* Release */,
			);
			defaultConfigurationIsVisible = 0;
			defaultConfigurationName = Release;
		};
		18BDCE54214F574300F034F9 /* Build configuration list for PBXNativeTarget "TADynamicHeaderTableView" */ = {
			isa = XCConfigurationList;
			buildConfigurations = (
				18BDCE55214F574300F034F9 /* Debug */,
				18BDCE56214F574300F034F9 /* Release */,
			);
			defaultConfigurationIsVisible = 0;
			defaultConfigurationName = Release;
		};
/* End XCConfigurationList section */
	};
	rootObject = 18BDCE3A214F574100F034F9 /* Project object */;
}
